
Microsoft Visual Studio Solution File, Format Version 12.00
# Visual Studio Version 17
VisualStudioVersion = 17.9.34310.174
MinimumVisualStudioVersion = 10.0.40219.1
Project("{FAE04EC0-301F-11D3-BF4B-00C04F79EFBC}") = "WindowsFormsApp2", "WindowsFormsApp2\WindowsFormsApp2.csproj", "{B1A0FBC0-C43D-497D-9F2B-841821BC0DF1}"
EndProject
Global
	GlobalSection(SolutionConfigurationPlatforms) = preSolution
		Debug|Any CPU = Debug|Any CPU
		Release|Any CPU = Release|Any CPU
	EndGlobalSection
	GlobalSection(ProjectConfigurationPlatforms) = postSolution
		{B1A0FBC0-C43D-497D-9F2B-841821BC0DF1}.Debug|Any CPU.ActiveCfg = Debug|Any CPU
		{B1A0FBC0-C43D-497D-9F2B-841821BC0DF1}.Debug|Any CPU.Build.0 = Debug|Any CPU
		{B1A0FBC0-C43D-497D-9F2B-841821BC0DF1}.Release|Any CPU.ActiveCfg = Release|Any CPU
		{B1A0FBC0-C43D-497D-9F2B-841821BC0DF1}.Release|Any CPU.Build.0 = Release|Any CPU
	EndGlobalSection
	GlobalSection(SolutionProperties) = preSolution
		HideSolutionNode = FALSE
	EndGlobalSection
	GlobalSection(ExtensibilityGlobals) = postSolution
		SolutionGuid = {43BCEE93-3EBC-48EE-A449-B4E84B6B0F69}
	EndGlobalSection
EndGlobal
